
Microsoft Visual Studio Solution File, Format Version 12.00
# Visual Studio 15
VisualStudioVersion = 15.0.28307.902
MinimumVisualStudioVersion = 10.0.40219.1
Project("{9A19103F-16F7-4668-BE54-9A1E7A4F7556}") = "Timesheet", "Timesheet\Timesheet.csproj", "{A1C0789A-C83A-4C4B-8BA2-C40F0EC898CE}"
EndProject
Project("{FAE04EC0-301F-11D3-BF4B-00C04F79EFBC}") = "UnitTests", "UnitTests\UnitTests.csproj", "{9ED32F67-97FE-4F19-9352-5D265B75011E}"
EndProject
Global
	GlobalSection(SolutionConfigurationPlatforms) = preSolution
		Debug|Any CPU = Debug|Any CPU
		Release|Any CPU = Release|Any CPU
	EndGlobalSection
	GlobalSection(ProjectConfigurationPlatforms) = postSolution
		{A1C0789A-C83A-4C4B-8BA2-C40F0EC898CE}.Debug|Any CPU.ActiveCfg = Debug|Any CPU
		{A1C0789A-C83A-4C4B-8BA2-C40F0EC898CE}.Debug|Any CPU.Build.0 = Debug|Any CPU
		{A1C0789A-C83A-4C4B-8BA2-C40F0EC898CE}.Release|Any CPU.ActiveCfg = Release|Any CPU
		{A1C0789A-C83A-4C4B-8BA2-C40F0EC898CE}.Release|Any CPU.Build.0 = Release|Any CPU
		{9ED32F67-97FE-4F19-9352-5D265B75011E}.Debug|Any CPU.ActiveCfg = Debug|Any CPU
		{9ED32F67-97FE-4F19-9352-5D265B75011E}.Debug|Any CPU.Build.0 = Debug|Any CPU
		{9ED32F67-97FE-4F19-9352-5D265B75011E}.Release|Any CPU.ActiveCfg = Release|Any CPU
		{9ED32F67-97FE-4F19-9352-5D265B75011E}.Release|Any CPU.Build.0 = Release|Any CPU
	EndGlobalSection
	GlobalSection(SolutionProperties) = preSolution
		HideSolutionNode = FALSE
	EndGlobalSection
	GlobalSection(ExtensibilityGlobals) = postSolution
		SolutionGuid = {11048E9B-4A64-4FED-8E5E-E3C1CC5DC77F}
	EndGlobalSection
EndGlobal
